// !$*UTF8*$!
{
	archiveVersion = 1;
	classes = {
	};
	objectVersion = 55;
	objects = {

/* Begin PBXBuildFile section */
		52CB14C62703526600D2A4CF /* AppDelegate.swift in Sources */ = {isa = PBXBuildFile; fileRef = 52CB14C52703526600D2A4CF /* AppDelegate.swift */; };
		52CB14C82703526600D2A4CF /* SceneDelegate.swift in Sources */ = {isa = PBXBuildFile; fileRef = 52CB14C72703526600D2A4CF /* SceneDelegate.swift */; };
		52CB14CA2703526600D2A4CF /* ViewController.swift in Sources */ = {isa = PBXBuildFile; fileRef = 52CB14C92703526600D2A4CF /* ViewController.swift */; };
		52CB14CD2703526600D2A4CF /* Main.storyboard in Resources */ = {isa = PBXBuildFile; fileRef = 52CB14CB2703526600D2A4CF /* Main.storyboard */; };
		52CB14D02703526600D2A4CF /* MySimpleNotes.xcdatamodeld in Sources */ = {isa = PBXBuildFile; fileRef = 52CB14CE2703526600D2A4CF /* MySimpleNotes.xcdatamodeld */; };
		52CB14D22703526800D2A4CF /* Assets.xcassets in Resources */ = {isa = PBXBuildFile; fileRef = 52CB14D12703526800D2A4CF /* Assets.xcassets */; };
		52CB14D52703526800D2A4CF /* LaunchScreen.storyboard in Resources */ = {isa = PBXBuildFile; fileRef = 52CB14D32703526800D2A4CF /* LaunchScreen.storyboard */; };
		52CB14DD270353FA00D2A4CF /* README.md in Resources */ = {isa = PBXBuildFile; fileRef = 52CB14DC270353FA00D2A4CF /* README.md */; };
		52CB14DF270355CB00D2A4CF /* .gitignore in Resources */ = {isa = PBXBuildFile; fileRef = 52CB14DE270355CB00D2A4CF /* .gitignore */; };
/* End PBXBuildFile section */

/* Begin PBXFileReference section */
		52CB14C22703526600D2A4CF /* MySimpleNotes.app */ = {isa = PBXFileReference; explicitFileType = wrapper.application; includeInIndex = 0; path = MySimpleNotes.app; sourceTree = BUILT_PRODUCTS_DIR; };
		52CB14C52703526600D2A4CF /* AppDelegate.swift */ = {isa = PBXFileReference; lastKnownFileType = sourcecode.swift; path = AppDelegate.swift; sourceTree = "<group>"; };
		52CB14C72703526600D2A4CF /* SceneDelegate.swift */ = {isa = PBXFileReference; lastKnownFileType = sourcecode.swift; path = SceneDelegate.swift; sourceTree = "<group>"; };
		52CB14C92703526600D2A4CF /* ViewController.swift */ = {isa = PBXFileReference; lastKnownFileType = sourcecode.swift; path = ViewController.swift; sourceTree = "<group>"; };
		52CB14CC2703526600D2A4CF /* Base */ = {isa = PBXFileReference; lastKnownFileType = file.storyboard; name = Base; path = Base.lproj/Main.storyboard; sourceTree = "<group>"; };
		52CB14CF2703526600D2A4CF /* MySimpleNotes.xcdatamodel */ = {isa = PBXFileReference; lastKnownFileType = wrapper.xcdatamodel; path = MySimpleNotes.xcdatamodel; sourceTree = "<group>"; };
		52CB14D12703526800D2A4CF /* Assets.xcassets */ = {isa = PBXFileReference; lastKnownFileType = folder.assetcatalog; path = Assets.xcassets; sourceTree = "<group>"; };
		52CB14D42703526800D2A4CF /* Base */ = {isa = PBXFileReference; lastKnownFileType = file.storyboard; name = Base; path = Base.lproj/LaunchScreen.storyboard; sourceTree = "<group>"; };
		52CB14D62703526800D2A4CF /* Info.plist */ = {isa = PBXFileReference; lastKnownFileType = text.plist.xml; path = Info.plist; sourceTree = "<group>"; };
		52CB14DC270353FA00D2A4CF /* README.md */ = {isa = PBXFileReference; lastKnownFileType = net.daringfireball.markdown; path = README.md; sourceTree = "<group>"; };
		52CB14DE270355CB00D2A4CF /* .gitignore */ = {isa = PBXFileReference; lastKnownFileType = text; path = .gitignore; sourceTree = "<group>"; };
/* End PBXFileReference section */

/* Begin PBXFrameworksBuildPhase section */
		52CB14BF2703526600D2A4CF /* Frameworks */ = {
			isa = PBXFrameworksBuildPhase;
			buildActionMask = 2147483647;
			files = (
			);
			runOnlyForDeploymentPostprocessing = 0;
		};
/* End PBXFrameworksBuildPhase section */

/* Begin PBXGroup section */
		52CB14B92703526600D2A4CF = {
			isa = PBXGroup;
			children = (
				52CB14DE270355CB00D2A4CF /* .gitignore */,
				52CB14DC270353FA00D2A4CF /* README.md */,
				52CB14C42703526600D2A4CF /* MySimpleNotes */,
				52CB14C32703526600D2A4CF /* Products */,
			);
			sourceTree = "<group>";
		};
		52CB14C32703526600D2A4CF /* Products */ = {
			isa = PBXGroup;
			children = (
				52CB14C22703526600D2A4CF /* MySimpleNotes.app */,
			);
			name = Products;
			sourceTree = "<group>";
		};
		52CB14C42703526600D2A4CF /* MySimpleNotes */ = {
			isa = PBXGroup;
			children = (
				52CB14C52703526600D2A4CF /* AppDelegate.swift */,
				52CB14C72703526600D2A4CF /* SceneDelegate.swift */,
				52CB14C92703526600D2A4CF /* ViewController.swift */,
				52CB14CB2703526600D2A4CF /* Main.storyboard */,
				52CB14D12703526800D2A4CF /* Assets.xcassets */,
				52CB14D32703526800D2A4CF /* LaunchScreen.storyboard */,
				52CB14D62703526800D2A4CF /* Info.plist */,
				52CB14CE2703526600D2A4CF /* MySimpleNotes.xcdatamodeld */,
			);
			path = MySimpleNotes;
			sourceTree = "<group>";
		};
/* End PBXGroup section */

/* Begin PBXNativeTarget section */
		52CB14C12703526600D2A4CF /* MySimpleNotes */ = {
			isa = PBXNativeTarget;
			buildConfigurationList = 52CB14D92703526800D2A4CF /* Build configuration list for PBXNativeTarget "MySimpleNotes" */;
			buildPhases = (
				52CB14BE2703526600D2A4CF /* Sources */,
				52CB14BF2703526600D2A4CF /* Frameworks */,
				52CB14C02703526600D2A4CF /* Resources */,
			);
			buildRules = (
			);
			dependencies = (
			);
			name = MySimpleNotes;
			productName = MySimpleNotes;
			productReference = 52CB14C22703526600D2A4CF /* MySimpleNotes.app */;
			productType = "com.apple.product-type.application";
		};
/* End PBXNativeTarget section */

/* Begin PBXProject section */
		52CB14BA2703526600D2A4CF /* Project object */ = {
			isa = PBXProject;
			attributes = {
				BuildIndependentTargetsInParallel = 1;
				LastSwiftUpdateCheck = 1300;
				LastUpgradeCheck = 1300;
				TargetAttributes = {
					52CB14C12703526600D2A4CF = {
						CreatedOnToolsVersion = 13.0;
					};
				};
			};
			buildConfigurationList = 52CB14BD2703526600D2A4CF /* Build configuration list for PBXProject "MySimpleNotes" */;
			compatibilityVersion = "Xcode 13.0";
			developmentRegion = en;
			hasScannedForEncodings = 0;
			knownRegions = (
				en,
				Base,
			);
			mainGroup = 52CB14B92703526600D2A4CF;
			productRefGroup = 52CB14C32703526600D2A4CF /* Products */;
			projectDirPath = "";
			projectRoot = "";
			targets = (
				52CB14C12703526600D2A4CF /* MySimpleNotes */,
			);
		};
/* End PBXProject section */

/* Begin PBXResourcesBuildPhase section */
		52CB14C02703526600D2A4CF /* Resources */ = {
			isa = PBXResourcesBuildPhase;
			buildActionMask = 2147483647;
			files = (
				52CB14DF270355CB00D2A4CF /* .gitignore in Resources */,
				52CB14D52703526800D2A4CF /* LaunchScreen.storyboard in Resources */,
				52CB14D22703526800D2A4CF /* Assets.xcassets in Resources */,
				52CB14DD270353FA00D2A4CF /* README.md in Resources */,
				52CB14CD2703526600D2A4CF /* Main.storyboard in Resources */,
			);
			runOnlyForDeploymentPostprocessing = 0;
		};
/* End PBXResourcesBuildPhase section */

/* Begin PBXSourcesBuildPhase section */
		52CB14BE2703526600D2A4CF /* Sources */ = {
			isa = PBXSourcesBuildPhase;
			buildActionMask = 2147483647;
			files = (
				52CB14CA2703526600D2A4CF /* ViewController.swift in Sources */,
				52CB14C62703526600D2A4CF /* AppDelegate.swift in Sources */,
				52CB14C82703526600D2A4CF /* SceneDelegate.swift in Sources */,
				52CB14D02703526600D2A4CF /* MySimpleNotes.xcdatamodeld in Sources */,
			);
			runOnlyForDeploymentPostprocessing = 0;
		};
/* End PBXSourcesBuildPhase section */

/* Begin PBXVariantGroup section */
		52CB14CB2703526600D2A4CF /* Main.storyboard */ = {
			isa = PBXVariantGroup;
			children = (
				52CB14CC2703526600D2A4CF /* Base */,
			);
			name = Main.storyboard;
			sourceTree = "<group>";
		};
		52CB14D32703526800D2A4CF /* LaunchScreen.storyboard */ = {
			isa = PBXVariantGroup;
			children = (
				52CB14D42703526800D2A4CF /* Base */,
			);
			name = LaunchScreen.storyboard;
			sourceTree = "<group>";
		};
/* End PBXVariantGroup section */

/* Begin XCBuildConfiguration section */
		52CB14D72703526800D2A4CF /* Debug */ = {
			isa = XCBuildConfiguration;
			buildSettings = {
				ALWAYS_SEARCH_USER_PATHS = NO;
				CLANG_ANALYZER_NONNULL = YES;
				CLANG_ANALYZER_NUMBER_OBJECT_CONVERSION = YES_AGGRESSIVE;
				CLANG_CXX_LANGUAGE_STANDARD = "gnu++17";
				CLANG_CXX_LIBRARY = "libc++";
				CLANG_ENABLE_MODULES = YES;
				CLANG_ENABLE_OBJC_ARC = YES;
				CLANG_ENABLE_OBJC_WEAK = YES;
				CLANG_WARN_BLOCK_CAPTURE_AUTORELEASING = YES;
				CLANG_WARN_BOOL_CONVERSION = YES;
				CLANG_WARN_COMMA = YES;
				CLANG_WARN_CONSTANT_CONVERSION = YES;
				CLANG_WARN_DEPRECATED_OBJC_IMPLEMENTATIONS = YES;
				CLANG_WARN_DIRECT_OBJC_ISA_USAGE = YES_ERROR;
				CLANG_WARN_DOCUMENTATION_COMMENTS = YES;
				CLANG_WARN_EMPTY_BODY = YES;
				CLANG_WARN_ENUM_CONVERSION = YES;
				CLANG_WARN_INFINITE_RECURSION = YES;
				CLANG_WARN_INT_CONVERSION = YES;
				CLANG_WARN_NON_LITERAL_NULL_CONVERSION = YES;
				CLANG_WARN_OBJC_IMPLICIT_RETAIN_SELF = YES;
				CLANG_WARN_OBJC_LITERAL_CONVERSION = YES;
				CLANG_WARN_OBJC_ROOT_CLASS = YES_ERROR;
				CLANG_WARN_QUOTED_INCLUDE_IN_FRAMEWORK_HEADER = YES;
				CLANG_WARN_RANGE_LOOP_ANALYSIS = YES;
				CLANG_WARN_STRICT_PROTOTYPES = YES;
				CLANG_WARN_SUSPICIOUS_MOVE = YES;
				CLANG_WARN_UNGUARDED_AVAILABILITY = YES_AGGRESSIVE;
				CLANG_WARN_UNREACHABLE_CODE = YES;
				CLANG_WARN__DUPLICATE_METHOD_MATCH = YES;
				COPY_PHASE_STRIP = NO;
				DEBUG_INFORMATION_FORMAT = dwarf;
				ENABLE_STRICT_OBJC_MSGSEND = YES;
				ENABLE_TESTABILITY = YES;
				GCC_C_LANGUAGE_STANDARD = gnu11;
				GCC_DYNAMIC_NO_PIC = NO;
				GCC_NO_COMMON_BLOCKS = YES;
				GCC_OPTIMIZATION_LEVEL = 0;
				GCC_PREPROCESSOR_DEFINITIONS = (
					"DEBUG=1",
					"$(inherited)",
				);
				GCC_WARN_64_TO_32_BIT_CONVERSION = YES;
				GCC_WARN_ABOUT_RETURN_TYPE = YES_ERROR;
				GCC_WARN_UNDECLARED_SELECTOR = YES;
				GCC_WARN_UNINITIALIZED_AUTOS = YES_AGGRESSIVE;
				GCC_WARN_UNUSED_FUNCTION = YES;
				GCC_WARN_UNUSED_VARIABLE = YES;
				IPHONEOS_DEPLOYMENT_TARGET = 15.0;
				MTL_ENABLE_DEBUG_INFO = INCLUDE_SOURCE;
				MTL_FAST_MATH = YES;
				ONLY_ACTIVE_ARCH = YES;
				SDKROOT = iphoneos;
				SWIFT_ACTIVE_COMPILATION_CONDITIONS = DEBUG;
				SWIFT_OPTIMIZATION_LEVEL = "-Onone";
			};
			name = Debug;
		};
		52CB14D82703526800D2A4CF /* Release */ = {
			isa = XCBuildConfiguration;
			buildSettings = {
				ALWAYS_SEARCH_USER_PATHS = NO;
				CLANG_ANALYZER_NONNULL = YES;
				CLANG_ANALYZER_NUMBER_OBJECT_CONVERSION = YES_AGGRESSIVE;
				CLANG_CXX_LANGUAGE_STANDARD = "gnu++17";
				CLANG_CXX_LIBRARY = "libc++";
				CLANG_ENABLE_MODULES = YES;
				CLANG_ENABLE_OBJC_ARC = YES;
				CLANG_ENABLE_OBJC_WEAK = YES;
				CLANG_WARN_BLOCK_CAPTURE_AUTORELEASING = YES;
				CLANG_WARN_BOOL_CONVERSION = YES;
				CLANG_WARN_COMMA = YES;
				CLANG_WARN_CONSTANT_CONVERSION = YES;
				CLANG_WARN_DEPRECATED_OBJC_IMPLEMENTATIONS = YES;
				CLANG_WARN_DIRECT_OBJC_ISA_USAGE = YES_ERROR;
				CLANG_WARN_DOCUMENTATION_COMMENTS = YES;
				CLANG_WARN_EMPTY_BODY = YES;
				CLANG_WARN_ENUM_CONVERSION = YES;
				CLANG_WARN_INFINITE_RECURSION = YES;
				CLANG_WARN_INT_CONVERSION = YES;
				CLANG_WARN_NON_LITERAL_NULL_CONVERSION = YES;
				CLANG_WARN_OBJC_IMPLICIT_RETAIN_SELF = YES;
				CLANG_WARN_OBJC_LITERAL_CONVERSION = YES;
				CLANG_WARN_OBJC_ROOT_CLASS = YES_ERROR;
				CLANG_WARN_QUOTED_INCLUDE_IN_FRAMEWORK_HEADER = YES;
				CLANG_WARN_RANGE_LOOP_ANALYSIS = YES;
				CLANG_WARN_STRICT_PROTOTYPES = YES;
				CLANG_WARN_SUSPICIOUS_MOVE = YES;
				CLANG_WARN_UNGUARDED_AVAILABILITY = YES_AGGRESSIVE;
				CLANG_WARN_UNREACHABLE_CODE = YES;
				CLANG_WARN__DUPLICATE_METHOD_MATCH = YES;
				COPY_PHASE_STRIP = NO;
				DEBUG_INFORMATION_FORMAT = "dwarf-with-dsym";
				ENABLE_NS_ASSERTIONS = NO;
				ENABLE_STRICT_OBJC_MSGSEND = YES;
				GCC_C_LANGUAGE_STANDARD = gnu11;
				GCC_NO_COMMON_BLOCKS = YES;
				GCC_WARN_64_TO_32_BIT_CONVERSION = YES;
				GCC_WARN_ABOUT_RETURN_TYPE = YES_ERROR;
				GCC_WARN_UNDECLARED_SELECTOR = YES;
				GCC_WARN_UNINITIALIZED_AUTOS = YES_AGGRESSIVE;
				GCC_WARN_UNUSED_FUNCTION = YES;
				GCC_WARN_UNUSED_VARIABLE = YES;
				IPHONEOS_DEPLOYMENT_TARGET = 15.0;
				MTL_ENABLE_DEBUG_INFO = NO;
				MTL_FAST_MATH = YES;
				SDKROOT = iphoneos;
				SWIFT_COMPILATION_MODE = wholemodule;
				SWIFT_OPTIMIZATION_LEVEL = "-O";
				VALIDATE_PRODUCT = YES;
			};
			name = Release;
		};
		52CB14DA2703526800D2A4CF /* Debug */ = {
			isa = XCBuildConfiguration;
			buildSettings = {
				ASSETCATALOG_COMPILER_APPICON_NAME = AppIcon;
				ASSETCATALOG_COMPILER_GLOBAL_ACCENT_COLOR_NAME = AccentColor;
				CODE_SIGN_STYLE = Automatic;
				CURRENT_PROJECT_VERSION = 1;
				DEVELOPMENT_TEAM = 972D9Z4QKX;
				GENERATE_INFOPLIST_FILE = YES;
				INFOPLIST_FILE = MySimpleNotes/Info.plist;
				INFOPLIST_KEY_UIApplicationSupportsIndirectInputEvents = YES;
				INFOPLIST_KEY_UILaunchStoryboardName = LaunchScreen;
				INFOPLIST_KEY_UIMainStoryboardFile = Main;
				INFOPLIST_KEY_UISupportedInterfaceOrientations_iPad = "UIInterfaceOrientationPortrait UIInterfaceOrientationPortraitUpsideDown UIInterfaceOrientationLandscapeLeft UIInterfaceOrientationLandscapeRight";
				INFOPLIST_KEY_UISupportedInterfaceOrientations_iPhone = "UIInterfaceOrientationPortrait UIInterfaceOrientationLandscapeLeft UIInterfaceOrientationLandscapeRight";
				LD_RUNPATH_SEARCH_PATHS = (
					"$(inherited)",
					"@executable_path/Frameworks",
				);
				MARKETING_VERSION = 1.0;
				PRODUCT_BUNDLE_IDENTIFIER = com.ericgrant.MySimpleNotes;
				PRODUCT_NAME = "$(TARGET_NAME)";
				SWIFT_EMIT_LOC_STRINGS = YES;
				SWIFT_VERSION = 5.0;
				TARGETED_DEVICE_FAMILY = "1,2";
			};
			name = Debug;
		};
		52CB14DB2703526800D2A4CF /* Release */ = {
			isa = XCBuildConfiguration;
			buildSettings = {
				ASSETCATALOG_COMPILER_APPICON_NAME = AppIcon;
				ASSETCATALOG_COMPILER_GLOBAL_ACCENT_COLOR_NAME = AccentColor;
				CODE_SIGN_STYLE = Automatic;
				CURRENT_PROJECT_VERSION = 1;
				DEVELOPMENT_TEAM = 972D9Z4QKX;
				GENERATE_INFOPLIST_FILE = YES;
				INFOPLIST_FILE = MySimpleNotes/Info.plist;
				INFOPLIST_KEY_UIApplicationSupportsIndirectInputEvents = YES;
				INFOPLIST_KEY_UILaunchStoryboardName = LaunchScreen;
				INFOPLIST_KEY_UIMainStoryboardFile = Main;
				INFOPLIST_KEY_UISupportedInterfaceOrientations_iPad = "UIInterfaceOrientationPortrait UIInterfaceOrientationPortraitUpsideDown UIInterfaceOrientationLandscapeLeft UIInterfaceOrientationLandscapeRight";
				INFOPLIST_KEY_UISupportedInterfaceOrientations_iPhone = "UIInterfaceOrientationPortrait UIInterfaceOrientationLandscapeLeft UIInterfaceOrientationLandscapeRight";
				LD_RUNPATH_SEARCH_PATHS = (
					"$(inherited)",
					"@executable_path/Frameworks",
				);
				MARKETING_VERSION = 1.0;
				PRODUCT_BUNDLE_IDENTIFIER = com.ericgrant.MySimpleNotes;
				PRODUCT_NAME = "$(TARGET_NAME)";
				SWIFT_EMIT_LOC_STRINGS = YES;
				SWIFT_VERSION = 5.0;
				TARGETED_DEVICE_FAMILY = "1,2";
			};
			name = Release;
		};
/* End XCBuildConfiguration section */

/* Begin XCConfigurationList section */
		52CB14BD2703526600D2A4CF /* Build configuration list for PBXProject "MySimpleNotes" */ = {
			isa = XCConfigurationList;
			buildConfigurations = (
				52CB14D72703526800D2A4CF /* Debug */,
				52CB14D82703526800D2A4CF /* Release */,
			);
			defaultConfigurationIsVisible = 0;
			defaultConfigurationName = Release;
		};
		52CB14D92703526800D2A4CF /* Build configuration list for PBXNativeTarget "MySimpleNotes" */ = {
			isa = XCConfigurationList;
			buildConfigurations = (
				52CB14DA2703526800D2A4CF /* Debug */,
				52CB14DB2703526800D2A4CF /* Release */,
			);
			defaultConfigurationIsVisible = 0;
			defaultConfigurationName = Release;
		};
/* End XCConfigurationList section */

/* Begin XCVersionGroup section */
		52CB14CE2703526600D2A4CF /* MySimpleNotes.xcdatamodeld */ = {
			isa = XCVersionGroup;
			children = (
				52CB14CF2703526600D2A4CF /* MySimpleNotes.xcdatamodel */,
			);
			currentVersion = 52CB14CF2703526600D2A4CF /* MySimpleNotes.xcdatamodel */;
			path = MySimpleNotes.xcdatamodeld;
			sourceTree = "<group>";
			versionGroupType = wrapper.xcdatamodel;
		};
/* End XCVersionGroup section */
	};
	rootObject = 52CB14BA2703526600D2A4CF /* Project object */;
}
